// !$*UTF8*$!
{
	archiveVersion = 1;
	classes = {
	};
	objectVersion = 50;
	objects = {

/* Begin PBXBuildFile section */
		AC4955572199F2DD002AF799 /* main.cpp in Sources */ = {isa = PBXBuildFile; fileRef = AC4955562199F2DD002AF799 /* main.cpp */; };
		ACE3BBEB219B3D460087A3E9 /* DESCRIPTION_SYSTEM.cpp in Sources */ = {isa = PBXBuildFile; fileRef = ACE3BBE9219B3D460087A3E9 /* DESCRIPTION_SYSTEM.cpp */; };
		ACE3BBEE219B3D640087A3E9 /* USER.cpp in Sources */ = {isa = PBXBuildFile; fileRef = ACE3BBEC219B3D640087A3E9 /* USER.cpp */; };
		ACE3BBF4219B3E650087A3E9 /* STREAM.cpp in Sources */ = {isa = PBXBuildFile; fileRef = ACE3BBF2219B3E650087A3E9 /* STREAM.cpp */; };
		ACE3BBF7219B3E830087A3E9 /* BASIC_DESCRIPTION.cpp in Sources */ = {isa = PBXBuildFile; fileRef = ACE3BBF5219B3E830087A3E9 /* BASIC_DESCRIPTION.cpp */; };
		ACE4844A21B8482B00F7A225 /* mymap.cpp in Sources */ = {isa = PBXBuildFile; fileRef = ACE4844821B8482B00F7A225 /* mymap.cpp */; };
/* End PBXBuildFile section */

/* Begin PBXCopyFilesBuildPhase section */
		AC4955512199F2DD002AF799 /* Copy Files */ = {
			isa = PBXCopyFilesBuildPhase;
			buildActionMask = 2147483647;
			dstPath = /usr/share/man/man1/;
			dstSubfolderSpec = 0;
			files = (
			);
			name = "Copy Files";
			runOnlyForDeploymentPostprocessing = 1;
		};
/* End PBXCopyFilesBuildPhase section */

/* Begin PBXFileReference section */
		AC4955532199F2DD002AF799 /* FILE_SYSTEM */ = {isa = PBXFileReference; explicitFileType = "compiled.mach-o.executable"; includeInIndex = 0; path = FILE_SYSTEM; sourceTree = BUILT_PRODUCTS_DIR; };
		AC4955562199F2DD002AF799 /* main.cpp */ = {isa = PBXFileReference; lastKnownFileType = sourcecode.cpp.cpp; path = main.cpp; sourceTree = "<group>"; };
		ACE3BBE9219B3D460087A3E9 /* DESCRIPTION_SYSTEM.cpp */ = {isa = PBXFileReference; fileEncoding = 4; lastKnownFileType = sourcecode.cpp.cpp; path = DESCRIPTION_SYSTEM.cpp; sourceTree = "<group>"; };
		ACE3BBEA219B3D460087A3E9 /* DESCRIPTION_SYSTEM.hpp */ = {isa = PBXFileReference; lastKnownFileType = sourcecode.cpp.h; path = DESCRIPTION_SYSTEM.hpp; sourceTree = "<group>"; };
		ACE3BBEC219B3D640087A3E9 /* USER.cpp */ = {isa = PBXFileReference; lastKnownFileType = sourcecode.cpp.cpp; path = USER.cpp; sourceTree = "<group>"; };
		ACE3BBED219B3D640087A3E9 /* USER.hpp */ = {isa = PBXFileReference; lastKnownFileType = sourcecode.cpp.h; path = USER.hpp; sourceTree = "<group>"; };
		ACE3BBF2219B3E650087A3E9 /* STREAM.cpp */ = {isa = PBXFileReference; lastKnownFileType = sourcecode.cpp.cpp; path = STREAM.cpp; sourceTree = "<group>"; };
		ACE3BBF3219B3E650087A3E9 /* STREAM.hpp */ = {isa = PBXFileReference; lastKnownFileType = sourcecode.cpp.h; path = STREAM.hpp; sourceTree = "<group>"; };
		ACE3BBF5219B3E830087A3E9 /* BASIC_DESCRIPTION.cpp */ = {isa = PBXFileReference; lastKnownFileType = sourcecode.cpp.cpp; path = BASIC_DESCRIPTION.cpp; sourceTree = "<group>"; };
		ACE3BBF6219B3E830087A3E9 /* BASIC_DESCRIPTION.hpp */ = {isa = PBXFileReference; lastKnownFileType = sourcecode.cpp.h; path = BASIC_DESCRIPTION.hpp; sourceTree = "<group>"; };
		ACE4844821B8482B00F7A225 /* mymap.cpp */ = {isa = PBXFileReference; lastKnownFileType = sourcecode.cpp.cpp; path = mymap.cpp; sourceTree = "<group>"; };
		ACE4844921B8482B00F7A225 /* mymap.hpp */ = {isa = PBXFileReference; lastKnownFileType = sourcecode.cpp.h; path = mymap.hpp; sourceTree = "<group>"; };
/* End PBXFileReference section */

/* Begin PBXFrameworksBuildPhase section */
		AC4955502199F2DD002AF799 /* Frameworks */ = {
			isa = PBXFrameworksBuildPhase;
			buildActionMask = 2147483647;
			files = (
			);
			runOnlyForDeploymentPostprocessing = 0;
		};
/* End PBXFrameworksBuildPhase section */

/* Begin PBXGroup section */
		AC49554A2199F2DD002AF799 = {
			isa = PBXGroup;
			children = (
				AC4955552199F2DD002AF799 /* FILE_SYSTEM */,
			);
			sourceTree = "<group>";
		};
		AC4955542199F2DD002AF799 /* Products */ = {
			isa = PBXGroup;
			children = (
				AC4955532199F2DD002AF799 /* FILE_SYSTEM */,
			);
			name = Products;
			path = ..;
			sourceTree = "<group>";
		};
		AC4955552199F2DD002AF799 /* FILE_SYSTEM */ = {
			isa = PBXGroup;
			children = (
				AC4955562199F2DD002AF799 /* main.cpp */,
				ACE4844821B8482B00F7A225 /* mymap.cpp */,
				ACE4844921B8482B00F7A225 /* mymap.hpp */,
				ACE3BBEA219B3D460087A3E9 /* DESCRIPTION_SYSTEM.hpp */,
				ACE3BBED219B3D640087A3E9 /* USER.hpp */,
				ACE3BBF6219B3E830087A3E9 /* BASIC_DESCRIPTION.hpp */,
				ACE3BBF3219B3E650087A3E9 /* STREAM.hpp */,
				ACE3BBE9219B3D460087A3E9 /* DESCRIPTION_SYSTEM.cpp */,
				ACE3BBEC219B3D640087A3E9 /* USER.cpp */,
				ACE3BBF2219B3E650087A3E9 /* STREAM.cpp */,
				ACE3BBF5219B3E830087A3E9 /* BASIC_DESCRIPTION.cpp */,
				AC4955542199F2DD002AF799 /* Products */,
			);
			path = FILE_SYSTEM;
			sourceTree = "<group>";
		};
/* End PBXGroup section */

/* Begin PBXNativeTarget section */
		AC4955522199F2DD002AF799 /* FILE_SYSTEM */ = {
			isa = PBXNativeTarget;
			buildConfigurationList = AC49555A2199F2DD002AF799 /* Build configuration list for PBXNativeTarget "FILE_SYSTEM" */;
			buildPhases = (
				AC49554F2199F2DD002AF799 /* Sources */,
				AC4955502199F2DD002AF799 /* Frameworks */,
				AC4955512199F2DD002AF799 /* Copy Files */,
			);
			buildRules = (
			);
			dependencies = (
			);
			name = FILE_SYSTEM;
			productName = FILE_SYSTEM;
			productReference = AC4955532199F2DD002AF799 /* FILE_SYSTEM */;
			productType = "com.apple.product-type.tool";
		};
/* End PBXNativeTarget section */

/* Begin PBXProject section */
		AC49554B2199F2DD002AF799 /* Project object */ = {
			isa = PBXProject;
			attributes = {
				LastUpgradeCheck = 1000;
				ORGANIZATIONNAME = "Ерошев Артём";
				TargetAttributes = {
					AC4955522199F2DD002AF799 = {
						CreatedOnToolsVersion = 10.0;
					};
				};
			};
			buildConfigurationList = AC49554E2199F2DD002AF799 /* Build configuration list for PBXProject "FILE_SYSTEM" */;
			compatibilityVersion = "Xcode 9.3";
			developmentRegion = en;
			hasScannedForEncodings = 0;
			knownRegions = (
				en,
			);
			mainGroup = AC49554A2199F2DD002AF799;
			productRefGroup = AC4955542199F2DD002AF799 /* Products */;
			projectDirPath = "";
			projectRoot = "";
			targets = (
				AC4955522199F2DD002AF799 /* FILE_SYSTEM */,
			);
		};
/* End PBXProject section */

/* Begin PBXSourcesBuildPhase section */
		AC49554F2199F2DD002AF799 /* Sources */ = {
			isa = PBXSourcesBuildPhase;
			buildActionMask = 2147483647;
			files = (
				ACE3BBEE219B3D640087A3E9 /* USER.cpp in Sources */,
				AC4955572199F2DD002AF799 /* main.cpp in Sources */,
				ACE4844A21B8482B00F7A225 /* mymap.cpp in Sources */,
				ACE3BBF4219B3E650087A3E9 /* STREAM.cpp in Sources */,
				ACE3BBF7219B3E830087A3E9 /* BASIC_DESCRIPTION.cpp in Sources */,
				ACE3BBEB219B3D460087A3E9 /* DESCRIPTION_SYSTEM.cpp in Sources */,
			);
			runOnlyForDeploymentPostprocessing = 0;
		};
/* End PBXSourcesBuildPhase section */

/* Begin XCBuildConfiguration section */
		AC4955582199F2DD002AF799 /* Debug */ = {
			isa = XCBuildConfiguration;
			buildSettings = {
				ALWAYS_SEARCH_USER_PATHS = NO;
				CLANG_ANALYZER_NONNULL = YES;
				CLANG_ANALYZER_NUMBER_OBJECT_CONVERSION = YES_AGGRESSIVE;
				CLANG_CXX_LANGUAGE_STANDARD = "gnu++14";
				CLANG_CXX_LIBRARY = "libc++";
				CLANG_ENABLE_MODULES = YES;
				CLANG_ENABLE_OBJC_ARC = YES;
				CLANG_ENABLE_OBJC_WEAK = YES;
				CLANG_WARN_BLOCK_CAPTURE_AUTORELEASING = YES;
				CLANG_WARN_BOOL_CONVERSION = YES;
				CLANG_WARN_COMMA = YES;
				CLANG_WARN_CONSTANT_CONVERSION = YES;
				CLANG_WARN_DEPRECATED_OBJC_IMPLEMENTATIONS = YES;
				CLANG_WARN_DIRECT_OBJC_ISA_USAGE = YES_ERROR;
				CLANG_WARN_DOCUMENTATION_COMMENTS = YES;
				CLANG_WARN_EMPTY_BODY = YES;
				CLANG_WARN_ENUM_CONVERSION = YES;
				CLANG_WARN_INFINITE_RECURSION = YES;
				CLANG_WARN_INT_CONVERSION = YES;
				CLANG_WARN_NON_LITERAL_NULL_CONVERSION = YES;
				CLANG_WARN_OBJC_IMPLICIT_RETAIN_SELF = YES;
				CLANG_WARN_OBJC_LITERAL_CONVERSION = YES;
				CLANG_WARN_OBJC_ROOT_CLASS = YES_ERROR;
				CLANG_WARN_RANGE_LOOP_ANALYSIS = YES;
				CLANG_WARN_STRICT_PROTOTYPES = YES;
				CLANG_WARN_SUSPICIOUS_MOVE = YES;
				CLANG_WARN_UNGUARDED_AVAILABILITY = YES_AGGRESSIVE;
				CLANG_WARN_UNREACHABLE_CODE = YES;
				CLANG_WARN__DUPLICATE_METHOD_MATCH = YES;
				CODE_SIGN_IDENTITY = "Mac Developer";
				COPY_PHASE_STRIP = NO;
				DEBUG_INFORMATION_FORMAT = dwarf;
				ENABLE_STRICT_OBJC_MSGSEND = YES;
				ENABLE_TESTABILITY = YES;
				GCC_C_LANGUAGE_STANDARD = gnu11;
				GCC_DYNAMIC_NO_PIC = NO;
				GCC_NO_COMMON_BLOCKS = YES;
				GCC_OPTIMIZATION_LEVEL = 0;
				GCC_PREPROCESSOR_DEFINITIONS = (
					"DEBUG=1",
					"$(inherited)",
				);
				GCC_WARN_64_TO_32_BIT_CONVERSION = YES;
				GCC_WARN_ABOUT_RETURN_TYPE = YES_ERROR;
				GCC_WARN_UNDECLARED_SELECTOR = YES;
				GCC_WARN_UNINITIALIZED_AUTOS = YES_AGGRESSIVE;
				GCC_WARN_UNUSED_FUNCTION = YES;
				GCC_WARN_UNUSED_VARIABLE = YES;
				MACOSX_DEPLOYMENT_TARGET = 10.14;
				MTL_ENABLE_DEBUG_INFO = INCLUDE_SOURCE;
				MTL_FAST_MATH = YES;
				ONLY_ACTIVE_ARCH = YES;
				SDKROOT = macosx;
			};
			name = Debug;
		};
		AC4955592199F2DD002AF799 /* Release */ = {
			isa = XCBuildConfiguration;
			buildSettings = {
				ALWAYS_SEARCH_USER_PATHS = NO;
				CLANG_ANALYZER_NONNULL = YES;
				CLANG_ANALYZER_NUMBER_OBJECT_CONVERSION = YES_AGGRESSIVE;
				CLANG_CXX_LANGUAGE_STANDARD = "gnu++14";
				CLANG_CXX_LIBRARY = "libc++";
				CLANG_ENABLE_MODULES = YES;
				CLANG_ENABLE_OBJC_ARC = YES;
				CLANG_ENABLE_OBJC_WEAK = YES;
				CLANG_WARN_BLOCK_CAPTURE_AUTORELEASING = YES;
				CLANG_WARN_BOOL_CONVERSION = YES;
				CLANG_WARN_COMMA = YES;
				CLANG_WARN_CONSTANT_CONVERSION = YES;
				CLANG_WARN_DEPRECATED_OBJC_IMPLEMENTATIONS = YES;
				CLANG_WARN_DIRECT_OBJC_ISA_USAGE = YES_ERROR;
				CLANG_WARN_DOCUMENTATION_COMMENTS = YES;
				CLANG_WARN_EMPTY_BODY = YES;
				CLANG_WARN_ENUM_CONVERSION = YES;
				CLANG_WARN_INFINITE_RECURSION = YES;
				CLANG_WARN_INT_CONVERSION = YES;
				CLANG_WARN_NON_LITERAL_NULL_CONVERSION = YES;
				CLANG_WARN_OBJC_IMPLICIT_RETAIN_SELF = YES;
				CLANG_WARN_OBJC_LITERAL_CONVERSION = YES;
				CLANG_WARN_OBJC_ROOT_CLASS = YES_ERROR;
				CLANG_WARN_RANGE_LOOP_ANALYSIS = YES;
				CLANG_WARN_STRICT_PROTOTYPES = YES;
				CLANG_WARN_SUSPICIOUS_MOVE = YES;
				CLANG_WARN_UNGUARDED_AVAILABILITY = YES_AGGRESSIVE;
				CLANG_WARN_UNREACHABLE_CODE = YES;
				CLANG_WARN__DUPLICATE_METHOD_MATCH = YES;
				CODE_SIGN_IDENTITY = "Mac Developer";
				COPY_PHASE_STRIP = NO;
				DEBUG_INFORMATION_FORMAT = "dwarf-with-dsym";
				ENABLE_NS_ASSERTIONS = NO;
				ENABLE_STRICT_OBJC_MSGSEND = YES;
				GCC_C_LANGUAGE_STANDARD = gnu11;
				GCC_NO_COMMON_BLOCKS = YES;
				GCC_WARN_64_TO_32_BIT_CONVERSION = YES;
				GCC_WARN_ABOUT_RETURN_TYPE = YES_ERROR;
				GCC_WARN_UNDECLARED_SELECTOR = YES;
				GCC_WARN_UNINITIALIZED_AUTOS = YES_AGGRESSIVE;
				GCC_WARN_UNUSED_FUNCTION = YES;
				GCC_WARN_UNUSED_VARIABLE = YES;
				MACOSX_DEPLOYMENT_TARGET = 10.14;
				MTL_ENABLE_DEBUG_INFO = NO;
				MTL_FAST_MATH = YES;
				SDKROOT = macosx;
			};
			name = Release;
		};
		AC49555B2199F2DD002AF799 /* Debug */ = {
			isa = XCBuildConfiguration;
			buildSettings = {
				CLANG_ADDRESS_SANITIZER_CONTAINER_OVERFLOW = NO;
				CLANG_CXX_LANGUAGE_STANDARD = "gnu++17";
				CLANG_CXX_LIBRARY = "libc++";
				CODE_SIGN_STYLE = Automatic;
				DEVELOPMENT_TEAM = X3XRUZCH56;
				HEADER_SEARCH_PATHS = (
					"/Library_C++/Library_Template/Library_Template",
					/usr/local/include,
					/framework/rc5simple_1_30/Crypt/Crypt,
				);
				LIBRARY_SEARCH_PATHS = (
					"/Users/artem/Library/Developer/Xcode/DerivedData/Library_Template-djxeyksnwgavdaczrwklcvqfkomx/Build/Products/Debug",
					/usr/local/lib,
					"/Users/artem/Library/Developer/Xcode/DerivedData/Crypt-ghoezcvxnxcfngdukggoddrpixsj/Build/Products/Debug",
				);
				OTHER_LDFLAGS = (
					"/Users/artem/Library/Developer/Xcode/DerivedData/Library_Template-djxeyksnwgavdaczrwklcvqfkomx/Build/Products/Debug/libLibrary_Template.a",
					/usr/local/lib/gtest.a,
					"/Users/artem/Library/Developer/Xcode/DerivedData/Crypt-ghoezcvxnxcfngdukggoddrpixsj/Build/Products/Debug/libCrypt.a",
				);
				PRODUCT_NAME = "$(TARGET_NAME)";
			};
			name = Debug;
		};
		AC49555C2199F2DD002AF799 /* Release */ = {
			isa = XCBuildConfiguration;
			buildSettings = {
				CLANG_ADDRESS_SANITIZER_CONTAINER_OVERFLOW = NO;
				CLANG_CXX_LANGUAGE_STANDARD = "gnu++17";
				CLANG_CXX_LIBRARY = "libc++";
				CODE_SIGN_STYLE = Automatic;
				DEVELOPMENT_TEAM = X3XRUZCH56;
				HEADER_SEARCH_PATHS = (
					"/Library_C++/Library_Template/Library_Template",
					/usr/local/include,
					/framework/rc5simple_1_30/Crypt/Crypt,
				);
				LIBRARY_SEARCH_PATHS = (
					"/Users/artem/Library/Developer/Xcode/DerivedData/Library_Template-djxeyksnwgavdaczrwklcvqfkomx/Build/Products/Debug",
					/usr/local/lib,
					"/Users/artem/Library/Developer/Xcode/DerivedData/Crypt-ghoezcvxnxcfngdukggoddrpixsj/Build/Products/Debug",
				);
				OTHER_LDFLAGS = (
					"/Users/artem/Library/Developer/Xcode/DerivedData/Library_Template-djxeyksnwgavdaczrwklcvqfkomx/Build/Products/Debug/libLibrary_Template.a",
					/usr/local/lib/gtest.a,
					"/Users/artem/Library/Developer/Xcode/DerivedData/Crypt-ghoezcvxnxcfngdukggoddrpixsj/Build/Products/Debug/libCrypt.a",
				);
				PRODUCT_NAME = "$(TARGET_NAME)";
			};
			name = Release;
		};
/* End XCBuildConfiguration section */

/* Begin XCConfigurationList section */
		AC49554E2199F2DD002AF799 /* Build configuration list for PBXProject "FILE_SYSTEM" */ = {
			isa = XCConfigurationList;
			buildConfigurations = (
				AC4955582199F2DD002AF799 /* Debug */,
				AC4955592199F2DD002AF799 /* Release */,
			);
			defaultConfigurationIsVisible = 0;
			defaultConfigurationName = Release;
		};
		AC49555A2199F2DD002AF799 /* Build configuration list for PBXNativeTarget "FILE_SYSTEM" */ = {
			isa = XCConfigurationList;
			buildConfigurations = (
				AC49555B2199F2DD002AF799 /* Debug */,
				AC49555C2199F2DD002AF799 /* Release */,
			);
			defaultConfigurationIsVisible = 0;
			defaultConfigurationName = Release;
		};
/* End XCConfigurationList section */
	};
	rootObject = AC49554B2199F2DD002AF799 /* Project object */;
}
